{
  "name": "mre-lean-qr-9",
  "version": "0.0.0",
  "lockfileVersion": 3,
  "requires": true,
  "packages": {
    "": {
      "name": "mre-lean-qr-9",
      "version": "0.0.0",
      "dependencies": {
        "lean-qr": "^2.3.3"
      },
      "devDependencies": {
        "typescript": "5.3.3"
      }
    },
    "node_modules/lean-qr": {
      "version": "2.3.3",
      "resolved": "https://registry.npmjs.org/lean-qr/-/lean-qr-2.3.3.tgz",
      "integrity": "sha512-GneENsPo/TRBRILuIT/A+SM6TbprJUXfZw3/tYSF/bhLCGXniLvGytyEnSuC7b7vtxDVjwBEIBEVV4ntoZjOOA==",
      "bin": {
        "lean-qr": "build/cli.mjs"
      }
    },
    "node_modules/typescript": {
      "version": "5.3.3",
      "resolved": "https://registry.npmjs.org/typescript/-/typescript-5.3.3.tgz",
      "integrity": "sha512-pXWcraxM0uxAS+tN0AG/BF2TyqmHO014Z070UsJ+pFvYuRSq8KH8DmWpnbXe0pEPDHXZV3FcAbJkijJ5oNEnWw==",
      "dev": true,
      "bin": {
        "tsc": "bin/tsc",
        "tsserver": "bin/tsserver"
      },
      "engines": {
        "node": ">=14.17"
      }
    }
  }
}
